{
  "nodes": {
    "blink-cmp": {
      "flake": false,
      "locked": {
        "lastModified": 1752774994,
        "narHash": "sha256-a8T3Qxdx/FfwyKuc/z0nNcRskhpAv2Faf1k6S5dRCEU=",
        "owner": "Saghen",
        "repo": "blink.cmp",
        "rev": "3545f6dce83baacbedfb5dd8d1230cd0492fd1d7",
        "type": "github"
      },
      "original": {
        "owner": "Saghen",
        "repo": "blink.cmp",
        "type": "github"
      }
    },
    "blink-compat": {
      "flake": false,
      "locked": {
        "lastModified": 1748464440,
        "narHash": "sha256-EMQC+2hjgAGYcBoSKkR5LV7jUsl3Oi8rL3K7FNIHXIw=",
        "owner": "Saghen",
        "repo": "blink.compat",
        "rev": "1454f14a8d855a578ceeba77c62538fa1459a67c",
        "type": "github"
      },
      "original": {
        "owner": "Saghen",
        "repo": "blink.compat",
        "type": "github"
      }
    },
    "bufdelete-nvim": {
      "flake": false,
      "locked": {
        "lastModified": 1708814161,
        "narHash": "sha256-ljUNfmpImtxFCS19HC9kFlaLlqaPDltKtnx1+/6Y33U=",
        "owner": "famiu",
        "repo": "bufdelete.nvim",
        "rev": "f6bcea78afb3060b198125256f897040538bcb81",
        "type": "github"
      },
      "original": {
        "owner": "famiu",
        "repo": "bufdelete.nvim",
        "type": "github"
      }
    },
    "bufferline-nvim": {
      "flake": false,
      "locked": {
        "lastModified": 1736870559,
        "narHash": "sha256-ae4MB6+6v3awvfSUWlau9ASJ147ZpwuX1fvJdfMwo1Q=",
        "owner": "akinsho",
        "repo": "bufferline.nvim",
        "rev": "655133c3b4c3e5e05ec549b9f8cc2894ac6f51b3",
        "type": "github"
      },
      "original": {
        "owner": "akinsho",
        "repo": "bufferline.nvim",
        "type": "github"
      }
    },
    "catppuccin": {
      "flake": false,
      "locked": {
        "lastModified": 1749271780,
        "narHash": "sha256-wt/Ybjgr4N80B+QsyANs1QezM7PpFceUWSweRFgkhl0=",
        "owner": "catppuccin",
        "repo": "nvim",
        "rev": "fa42eb5e26819ef58884257d5ae95dd0552b9a66",
        "type": "github"
      },
      "original": {
        "owner": "catppuccin",
        "repo": "nvim",
        "type": "github"
      }
    },
    "cheatsheet-nvim": {
      "flake": false,
      "locked": {
        "lastModified": 1640255456,
        "narHash": "sha256-TYkGB7cON2t4GwMaR9H1MDG2j3btBv2AR37ade8kqTY=",
        "owner": "sudormrfbin",
        "repo": "cheatsheet.nvim",
        "rev": "9716f9aaa94dd1fd6ce59b5aae0e5f25e2a463ef",
        "type": "github"
      },
      "original": {
        "owner": "sudormrfbin",
        "repo": "cheatsheet.nvim",
        "type": "github"
      }
    },
    "cmp-buffer": {
      "flake": false,
      "locked": {
        "lastModified": 1743497185,
        "narHash": "sha256-dG4U7MtnXThoa/PD+qFtCt76MQ14V1wX8GMYcvxEnbM=",
        "owner": "hrsh7th",
        "repo": "cmp-buffer",
        "rev": "b74fab3656eea9de20a9b8116afa3cfc4ec09657",
        "type": "github"
      },
      "original": {
        "owner": "hrsh7th",
        "repo": "cmp-buffer",
        "type": "github"
      }
    },
    "cmp-nvim-lsp": {
      "flake": false,
      "locked": {
        "lastModified": 1743496195,
        "narHash": "sha256-iaihXNCF5bB5MdeoosD/kc3QtpA/QaIDZVLiLIurBSM=",
        "owner": "hrsh7th",
        "repo": "cmp-nvim-lsp",
        "rev": "a8912b88ce488f411177fc8aed358b04dc246d7b",
        "type": "github"
      },
      "original": {
        "owner": "hrsh7th",
        "repo": "cmp-nvim-lsp",
        "type": "github"
      }
    },
    "cmp-path": {
      "flake": false,
      "locked": {
        "lastModified": 1751345554,
        "narHash": "sha256-KVKNRyq9phWpsCK+NYgdxMAVDmLeORJ95Li3vKUwdLQ=",
        "owner": "hrsh7th",
        "repo": "cmp-path",
        "rev": "e52e640b7befd8113b3350f46e8cfcfe98fcf730",
        "type": "github"
      },
      "original": {
        "owner": "hrsh7th",
        "repo": "cmp-path",
        "type": "github"
      }
    },
    "cmp-treesitter": {
      "flake": false,
      "locked": {
        "lastModified": 1715596479,
        "narHash": "sha256-8WAk9S+/7vSz7bVHdEzjbKUokU144fvnByIeJ1gAWhU=",
        "owner": "ray-x",
        "repo": "cmp-treesitter",
        "rev": "958fcfa0d8ce46d215e19cc3992c542f576c4123",
        "type": "github"
      },
      "original": {
        "owner": "ray-x",
        "repo": "cmp-treesitter",
        "type": "github"
      }
    },
    "cmp-vsnip": {
      "flake": false,
      "locked": {
        "lastModified": 1669100283,
        "narHash": "sha256-2mkN03noOr5vBvRbSb35xZKorSH+8savQNZtgM9+QcM=",
        "owner": "hrsh7th",
        "repo": "cmp-vsnip",
        "rev": "989a8a73c44e926199bfd05fa7a516d51f2d2752",
        "type": "github"
      },
      "original": {
        "owner": "hrsh7th",
        "repo": "cmp-vsnip",
        "type": "github"
      }
    },
    "dracula": {
      "flake": false,
      "locked": {
        "lastModified": 1740373692,
        "narHash": "sha256-4CVwtc/uig6GcE+orMHxmRFyZOcDiB2huvqNqRMEGXE=",
        "owner": "Mofiqul",
        "repo": "dracula.nvim",
        "rev": "96c9d19ce81b26053055ad6f688277d655b3f7d2",
        "type": "github"
      },
      "original": {
        "owner": "Mofiqul",
        "repo": "dracula.nvim",
        "type": "github"
      }
    },
    "dressing-nvim": {
      "flake": false,
      "locked": {
        "lastModified": 1739381641,
        "narHash": "sha256-dBz+/gZA6O6fJy/GSgM6ZHGAR3MTGt/W1olzzTYRlgM=",
        "owner": "stevearc",
        "repo": "dressing.nvim",
        "rev": "2d7c2db2507fa3c4956142ee607431ddb2828639",
        "type": "github"
      },
      "original": {
        "owner": "stevearc",
        "repo": "dressing.nvim",
        "type": "github"
      }
    },
    "flake-parts": {
      "inputs": {
        "nixpkgs-lib": "nixpkgs-lib"
      },
      "locked": {
        "lastModified": 1751413152,
        "narHash": "sha256-Tyw1RjYEsp5scoigs1384gIg6e0GoBVjms4aXFfRssQ=",
        "owner": "hercules-ci",
        "repo": "flake-parts",
        "rev": "77826244401ea9de6e3bac47c2db46005e1f30b5",
        "type": "github"
      },
      "original": {
        "owner": "hercules-ci",
        "repo": "flake-parts",
        "type": "github"
      }
    },
    "flake-utils": {
      "inputs": {
        "systems": "systems"
      },
      "locked": {
        "lastModified": 1731533236,
        "narHash": "sha256-l0KFg5HjrsfsO/JpG+r7fRrqm12kzFHyUHqHCVpMMbI=",
        "owner": "numtide",
        "repo": "flake-utils",
        "rev": "11707dc2f618dd54ca8739b309ec4fc024de578b",
        "type": "github"
      },
      "original": {
        "owner": "numtide",
        "repo": "flake-utils",
        "type": "github"
      }
    },
    "friendly-snippets": {
      "flake": false,
      "locked": {
        "lastModified": 1745949052,
        "narHash": "sha256-FzApcTbWfFkBD9WsYMhaCyn6ky8UmpUC2io/co/eByM=",
        "owner": "rafamadriz",
        "repo": "friendly-snippets",
        "rev": "572f5660cf05f8cd8834e096d7b4c921ba18e175",
        "type": "github"
      },
      "original": {
        "owner": "rafamadriz",
        "repo": "friendly-snippets",
        "type": "github"
      }
    },
    "lspkind": {
      "flake": false,
      "locked": {
        "lastModified": 1733408701,
        "narHash": "sha256-OCvKUBGuzwy8OWOL1x3Z3fo+0+GyBMI9TX41xSveqvE=",
        "owner": "onsails",
        "repo": "lspkind-nvim",
        "rev": "d79a1c3299ad0ef94e255d045bed9fa26025dab6",
        "type": "github"
      },
      "original": {
        "owner": "onsails",
        "repo": "lspkind-nvim",
        "type": "github"
      }
    },
    "lspsaga": {
      "flake": false,
      "locked": {
        "lastModified": 1670360222,
        "narHash": "sha256-7ENInq3LAPPTdm0Fb7klOc630j8m4LRj1kLZZFYLh68=",
        "owner": "tami5",
        "repo": "lspsaga.nvim",
        "rev": "5faeec9f2508d2d49a66c0ac0d191096b4e3fa81",
        "type": "github"
      },
      "original": {
        "owner": "tami5",
        "repo": "lspsaga.nvim",
        "type": "github"
      }
    },
    "lualine": {
      "flake": false,
      "locked": {
        "lastModified": 1749383457,
        "narHash": "sha256-2aPgA7riA/FubQpTkqsxLKl7OZ8L6FkucNHc2QEx2HQ=",
        "owner": "hoob3rt",
        "repo": "lualine.nvim",
        "rev": "a94fc68960665e54408fe37dcf573193c4ce82c9",
        "type": "github"
      },
      "original": {
        "owner": "hoob3rt",
        "repo": "lualine.nvim",
        "type": "github"
      }
    },
    "mini-icons": {
      "flake": false,
      "locked": {
        "lastModified": 1749826963,
        "narHash": "sha256-2S9w8OGfV0QFs814cYMOzYiZwCZmyDl6n0TMsNWuIKA=",
        "owner": "echasnovski",
        "repo": "mini.icons",
        "rev": "94848dad1589a199f876539bd79befb0c5e3abf0",
        "type": "github"
      },
      "original": {
        "owner": "echasnovski",
        "repo": "mini.icons",
        "type": "github"
      }
    },
    "neotree": {
      "flake": false,
      "locked": {
        "lastModified": 1752745834,
        "narHash": "sha256-tRbs+t8xTp6P0wH8L3R1bx63M0vzvvEM0ZbJLTJ3pm8=",
        "owner": "nvim-neo-tree",
        "repo": "neo-tree.nvim",
        "rev": "05164ef3384c2825d645394aba6978b2f5665aa3",
        "type": "github"
      },
      "original": {
        "owner": "nvim-neo-tree",
        "repo": "neo-tree.nvim",
        "type": "github"
      }
    },
    "nixpkgs": {
      "locked": {
        "lastModified": 1752567604,
        "narHash": "sha256-YbmkFuRBNdMq1x/IwGa4Kvq3IU2WvmEoDxXi5bcW14Y=",
        "owner": "glottologist",
        "repo": "nixpkgs",
        "rev": "faa58b0701ca35b1e3508109a5c77eb6037262b8",
        "type": "github"
      },
      "original": {
        "owner": "glottologist",
        "ref": "release-25.05",
        "repo": "nixpkgs",
        "type": "github"
      }
    },
    "nixpkgs-lib": {
      "locked": {
        "lastModified": 1751159883,
        "narHash": "sha256-urW/Ylk9FIfvXfliA1ywh75yszAbiTEVgpPeinFyVZo=",
        "owner": "nix-community",
        "repo": "nixpkgs.lib",
        "rev": "14a40a1d7fb9afa4739275ac642ed7301a9ba1ab",
        "type": "github"
      },
      "original": {
        "owner": "nix-community",
        "repo": "nixpkgs.lib",
        "type": "github"
      }
    },
    "nui-nvim": {
      "flake": false,
      "locked": {
        "lastModified": 1749392788,
        "narHash": "sha256-41slmnvt1z7sCxvpiVuFmQ9g7eCaxQi1dDCL3AxSL1A=",
        "owner": "MunifTanjim",
        "repo": "nui.nvim",
        "rev": "de740991c12411b663994b2860f1a4fd0937c130",
        "type": "github"
      },
      "original": {
        "owner": "MunifTanjim",
        "repo": "nui.nvim",
        "type": "github"
      }
    },
    "nvim-cmp": {
      "flake": false,
      "locked": {
        "lastModified": 1744514599,
        "narHash": "sha256-l5z+PT4S9b09d2M+J/tHVd9W9Ss3eQQk5Ykpz2Qjxxw=",
        "owner": "hrsh7th",
        "repo": "nvim-cmp",
        "rev": "b5311ab3ed9c846b585c0c15b7559be131ec4be9",
        "type": "github"
      },
      "original": {
        "owner": "hrsh7th",
        "repo": "nvim-cmp",
        "type": "github"
      }
    },
    "nvim-lspconfig": {
      "flake": false,
      "locked": {
        "lastModified": 1752809428,
        "narHash": "sha256-JVSnYrhi+eZkrHObFf1YVH7HUx29Fg5AS3J8BuQP49Y=",
        "owner": "neovim",
        "repo": "nvim-lspconfig",
        "rev": "d3934000788ab0a8f98ed58bc69e4b73ad26b110",
        "type": "github"
      },
      "original": {
        "owner": "neovim",
        "repo": "nvim-lspconfig",
        "type": "github"
      }
    },
    "nvim-treesitter": {
      "flake": false,
      "locked": {
        "lastModified": 1748094813,
        "narHash": "sha256-CVs9FTdg3oKtRjz2YqwkMr0W5qYLGfVyxyhE3qnGYbI=",
        "owner": "nvim-treesitter",
        "repo": "nvim-treesitter",
        "rev": "42fc28ba918343ebfd5565147a42a26580579482",
        "type": "github"
      },
      "original": {
        "owner": "nvim-treesitter",
        "repo": "nvim-treesitter",
        "type": "github"
      }
    },
    "nvim-treesitter-context": {
      "flake": false,
      "locked": {
        "lastModified": 1751215199,
        "narHash": "sha256-My1u6i6cubo4TuWdZopFPOAABNou46aHi/Udv9hU8SU=",
        "owner": "nvim-treesitter",
        "repo": "nvim-treesitter-context",
        "rev": "59f318a65d42a5c4037796886a8874fd57f774fc",
        "type": "github"
      },
      "original": {
        "owner": "nvim-treesitter",
        "repo": "nvim-treesitter-context",
        "type": "github"
      }
    },
    "nvim-web-devicons": {
      "flake": false,
      "locked": {
        "lastModified": 1752501000,
        "narHash": "sha256-jcPlqFbO7XKx6WS8SenOCRgEV3LjK7M8r4Xx7uF60WI=",
        "owner": "nvim-tree",
        "repo": "nvim-web-devicons",
        "rev": "0422a19d9aa3aad2c7e5cca167e5407b13407a9d",
        "type": "github"
      },
      "original": {
        "owner": "nvim-tree",
        "repo": "nvim-web-devicons",
        "type": "github"
      }
    },
    "onedark": {
      "flake": false,
      "locked": {
        "lastModified": 1746300400,
        "narHash": "sha256-pMwAfe/cWkshQ3x5Jy/rbztYz8m9z5L0+to0tj1pF7M=",
        "owner": "navarasu",
        "repo": "onedark.nvim",
        "rev": "11de4da47f3e69cb70c3ae9816bd8af166cbe121",
        "type": "github"
      },
      "original": {
        "owner": "navarasu",
        "repo": "onedark.nvim",
        "type": "github"
      }
    },
    "papercolor": {
      "flake": false,
      "locked": {
        "lastModified": 1451442659,
        "narHash": "sha256-7c5B/TJvz0FV0v61hTHeoHJFpCMUeuYN5rcMKVnSKMw=",
        "owner": "vim-scripts",
        "repo": "PaperColor.vim",
        "rev": "93c4698d89a947da17b051a8ce7f2d0cad1ec98e",
        "type": "github"
      },
      "original": {
        "owner": "vim-scripts",
        "repo": "PaperColor.vim",
        "type": "github"
      }
    },
    "plenary-nvim": {
      "flake": false,
      "locked": {
        "lastModified": 1739311008,
        "narHash": "sha256-8FV5RjF7QbDmQOQynpK7uRKONKbPRYbOPugf9ZxNvUs=",
        "owner": "nvim-lua",
        "repo": "plenary.nvim",
        "rev": "857c5ac632080dba10aae49dba902ce3abf91b35",
        "type": "github"
      },
      "original": {
        "owner": "nvim-lua",
        "repo": "plenary.nvim",
        "type": "github"
      }
    },
    "root": {
      "inputs": {
        "blink-cmp": "blink-cmp",
        "blink-compat": "blink-compat",
        "bufdelete-nvim": "bufdelete-nvim",
        "bufferline-nvim": "bufferline-nvim",
        "catppuccin": "catppuccin",
        "cheatsheet-nvim": "cheatsheet-nvim",
        "cmp-buffer": "cmp-buffer",
        "cmp-nvim-lsp": "cmp-nvim-lsp",
        "cmp-path": "cmp-path",
        "cmp-treesitter": "cmp-treesitter",
        "cmp-vsnip": "cmp-vsnip",
        "dracula": "dracula",
        "dressing-nvim": "dressing-nvim",
        "flake-parts": "flake-parts",
        "flake-utils": "flake-utils",
        "friendly-snippets": "friendly-snippets",
        "lspkind": "lspkind",
        "lspsaga": "lspsaga",
        "lualine": "lualine",
        "mini-icons": "mini-icons",
        "neotree": "neotree",
        "nixpkgs": "nixpkgs",
        "nui-nvim": "nui-nvim",
        "nvim-cmp": "nvim-cmp",
        "nvim-lspconfig": "nvim-lspconfig",
        "nvim-treesitter": "nvim-treesitter",
        "nvim-treesitter-context": "nvim-treesitter-context",
        "nvim-web-devicons": "nvim-web-devicons",
        "onedark": "onedark",
        "papercolor": "papercolor",
        "plenary-nvim": "plenary-nvim",
        "telescope": "telescope",
        "telescope-fzf-native": "telescope-fzf-native",
        "tokyonight": "tokyonight",
        "which-key": "which-key",
        "windsurf": "windsurf",
        "zenbones": "zenbones"
      }
    },
    "systems": {
      "locked": {
        "lastModified": 1681028828,
        "narHash": "sha256-Vy1rq5AaRuLzOxct8nz4T6wlgyUR7zLU309k9mBC768=",
        "owner": "nix-systems",
        "repo": "default",
        "rev": "da67096a3b9bf56a91d16901293e51ba5b49a27e",
        "type": "github"
      },
      "original": {
        "owner": "nix-systems",
        "repo": "default",
        "type": "github"
      }
    },
    "telescope": {
      "flake": false,
      "locked": {
        "lastModified": 1747012888,
        "narHash": "sha256-JpW0ehsX81yVbKNzrYOe1hdgVMs6oaaxMLH6lECnOJg=",
        "owner": "nvim-telescope",
        "repo": "telescope.nvim",
        "rev": "b4da76be54691e854d3e0e02c36b0245f945c2c7",
        "type": "github"
      },
      "original": {
        "owner": "nvim-telescope",
        "repo": "telescope.nvim",
        "type": "github"
      }
    },
    "telescope-fzf-native": {
      "flake": false,
      "locked": {
        "lastModified": 1741765009,
        "narHash": "sha256-Zyv8ikxdwoUiDD0zsqLzfhBVOm/nKyJdZpndxXEB6ow=",
        "owner": "nvim-telescope",
        "repo": "telescope-fzf-native.nvim",
        "rev": "1f08ed60cafc8f6168b72b80be2b2ea149813e55",
        "type": "github"
      },
      "original": {
        "owner": "nvim-telescope",
        "repo": "telescope-fzf-native.nvim",
        "type": "github"
      }
    },
    "tokyonight": {
      "flake": false,
      "locked": {
        "lastModified": 1739909711,
        "narHash": "sha256-1xZhQR1BhH2eqax0swlNtnPWIEUTxSOab6sQ3Fv9WQA=",
        "owner": "folke",
        "repo": "tokyonight.nvim",
        "rev": "057ef5d260c1931f1dffd0f052c685dcd14100a3",
        "type": "github"
      },
      "original": {
        "owner": "folke",
        "repo": "tokyonight.nvim",
        "type": "github"
      }
    },
    "which-key": {
      "flake": false,
      "locked": {
        "lastModified": 1740233407,
        "narHash": "sha256-uvMcSduMr7Kd2oUmIOYzvWF4FIl6bZxIYm9FSw/3pCo=",
        "owner": "folke",
        "repo": "which-key.nvim",
        "rev": "370ec46f710e058c9c1646273e6b225acf47cbed",
        "type": "github"
      },
      "original": {
        "owner": "folke",
        "repo": "which-key.nvim",
        "type": "github"
      }
    },
    "windsurf": {
      "flake": false,
      "locked": {
        "lastModified": 1743787796,
        "narHash": "sha256-V3ePeEysQFvYO7cVlNsbs5WURo15kJrxWIvx5KkGXTQ=",
        "owner": "Exafunction",
        "repo": "windsurf.vim",
        "rev": "272c6e2755e8faa90e26bcdcd9fde6b9e61751ea",
        "type": "github"
      },
      "original": {
        "owner": "Exafunction",
        "repo": "windsurf.vim",
        "type": "github"
      }
    },
    "zenbones": {
      "flake": false,
      "locked": {
        "lastModified": 1749624945,
        "narHash": "sha256-/D41VzUzwn8zyNLJwbB+FXJ+mxI76vwojBlLHbS3qHY=",
        "owner": "mcchrish",
        "repo": "zenbones.nvim",
        "rev": "510819be60a7e470f244488bc705c1fbcd88c4fc",
        "type": "github"
      },
      "original": {
        "owner": "mcchrish",
        "repo": "zenbones.nvim",
        "type": "github"
      }
    }
  },
  "root": "root",
  "version": 7
}
