{
  "nodes": {
    "actions-preview": {
      "flake": false,
      "locked": {
        "lastModified": 1759462626,
        "narHash": "sha256-YUeWBXxxeurfWBi0PjUi6izqYAvUw9DHmvsuPXm7ohw=",
        "owner": "aznhe21",
        "repo": "actions-preview.nvim",
        "rev": "cb938c25edaac38d362555f19244a9cb85d561e8",
        "type": "github"
      },
      "original": {
        "owner": "aznhe21",
        "repo": "actions-preview.nvim",
        "type": "github"
      }
    },
    "blink-cmp": {
      "inputs": {
        "fenix": "fenix",
        "flake-parts": "flake-parts",
        "nixpkgs": "nixpkgs"
      },
      "locked": {
        "lastModified": 1762901987,
        "narHash": "sha256-WF+4+gCLd1Zxm785yqdX5+Mf/tlpJdL21ig4Tc41Zog=",
        "owner": "Saghen",
        "repo": "blink.cmp",
        "rev": "7d79733aea5ef9e030b1a5ace176fa102e9ebe09",
        "type": "github"
      },
      "original": {
        "owner": "Saghen",
        "repo": "blink.cmp",
        "type": "github"
      }
    },
    "blink-compat": {
      "flake": false,
      "locked": {
        "lastModified": 1748464440,
        "narHash": "sha256-EMQC+2hjgAGYcBoSKkR5LV7jUsl3Oi8rL3K7FNIHXIw=",
        "owner": "Saghen",
        "repo": "blink.compat",
        "rev": "1454f14a8d855a578ceeba77c62538fa1459a67c",
        "type": "github"
      },
      "original": {
        "owner": "Saghen",
        "repo": "blink.compat",
        "type": "github"
      }
    },
    "bufdelete-nvim": {
      "flake": false,
      "locked": {
        "lastModified": 1708814161,
        "narHash": "sha256-ljUNfmpImtxFCS19HC9kFlaLlqaPDltKtnx1+/6Y33U=",
        "owner": "famiu",
        "repo": "bufdelete.nvim",
        "rev": "f6bcea78afb3060b198125256f897040538bcb81",
        "type": "github"
      },
      "original": {
        "owner": "famiu",
        "repo": "bufdelete.nvim",
        "type": "github"
      }
    },
    "bufferline-nvim": {
      "flake": false,
      "locked": {
        "lastModified": 1736870559,
        "narHash": "sha256-ae4MB6+6v3awvfSUWlau9ASJ147ZpwuX1fvJdfMwo1Q=",
        "owner": "akinsho",
        "repo": "bufferline.nvim",
        "rev": "655133c3b4c3e5e05ec549b9f8cc2894ac6f51b3",
        "type": "github"
      },
      "original": {
        "owner": "akinsho",
        "repo": "bufferline.nvim",
        "type": "github"
      }
    },
    "catppuccin": {
      "flake": false,
      "locked": {
        "lastModified": 1762006357,
        "narHash": "sha256-WNOuJ+XdO0x3Vlc8mALwtFU6iwJXilOM/NF0F1161FQ=",
        "owner": "catppuccin",
        "repo": "nvim",
        "rev": "234fc048de931a0e42ebcad675bf6559d75e23df",
        "type": "github"
      },
      "original": {
        "owner": "catppuccin",
        "repo": "nvim",
        "type": "github"
      }
    },
    "ccc-nvim": {
      "flake": false,
      "locked": {
        "lastModified": 1746537659,
        "narHash": "sha256-3TZ8VmvdgQ9n63m78C3r4OIUkVQHTHBvC24ixBdhTig=",
        "owner": "uga-rosa",
        "repo": "ccc.nvim",
        "rev": "9d1a256e006decc574789dfc7d628ca11644d4c2",
        "type": "github"
      },
      "original": {
        "owner": "uga-rosa",
        "repo": "ccc.nvim",
        "type": "github"
      }
    },
    "cheatsheet-nvim": {
      "flake": false,
      "locked": {
        "lastModified": 1640255456,
        "narHash": "sha256-TYkGB7cON2t4GwMaR9H1MDG2j3btBv2AR37ade8kqTY=",
        "owner": "sudormrfbin",
        "repo": "cheatsheet.nvim",
        "rev": "9716f9aaa94dd1fd6ce59b5aae0e5f25e2a463ef",
        "type": "github"
      },
      "original": {
        "owner": "sudormrfbin",
        "repo": "cheatsheet.nvim",
        "type": "github"
      }
    },
    "cinnamon-nvim": {
      "flake": false,
      "locked": {
        "lastModified": 1722992123,
        "narHash": "sha256-kccQ4iFMSQ8kvE7hYz90hBrsDLo7VohFj/6lEZZiAO8=",
        "owner": "declancm",
        "repo": "cinnamon.nvim",
        "rev": "450cb3247765fed7871b41ef4ce5fa492d834215",
        "type": "github"
      },
      "original": {
        "owner": "declancm",
        "repo": "cinnamon.nvim",
        "type": "github"
      }
    },
    "cmp-buffer": {
      "flake": false,
      "locked": {
        "lastModified": 1743497185,
        "narHash": "sha256-dG4U7MtnXThoa/PD+qFtCt76MQ14V1wX8GMYcvxEnbM=",
        "owner": "hrsh7th",
        "repo": "cmp-buffer",
        "rev": "b74fab3656eea9de20a9b8116afa3cfc4ec09657",
        "type": "github"
      },
      "original": {
        "owner": "hrsh7th",
        "repo": "cmp-buffer",
        "type": "github"
      }
    },
    "cmp-nvim-lsp": {
      "flake": false,
      "locked": {
        "lastModified": 1755085771,
        "narHash": "sha256-X1rppwf2xBPrmB93ptXukOnEBDZmfjJd4F5ObNa1DHs=",
        "owner": "hrsh7th",
        "repo": "cmp-nvim-lsp",
        "rev": "bd5a7d6db125d4654b50eeae9f5217f24bb22fd3",
        "type": "github"
      },
      "original": {
        "owner": "hrsh7th",
        "repo": "cmp-nvim-lsp",
        "type": "github"
      }
    },
    "cmp-path": {
      "flake": false,
      "locked": {
        "lastModified": 1753844861,
        "narHash": "sha256-e4Rd2y1Wekp7aobpTGaUeoSBnlfIASDaBR8js5dh2Vw=",
        "owner": "hrsh7th",
        "repo": "cmp-path",
        "rev": "c642487086dbd9a93160e1679a1327be111cbc25",
        "type": "github"
      },
      "original": {
        "owner": "hrsh7th",
        "repo": "cmp-path",
        "type": "github"
      }
    },
    "cmp-treesitter": {
      "flake": false,
      "locked": {
        "lastModified": 1715596479,
        "narHash": "sha256-8WAk9S+/7vSz7bVHdEzjbKUokU144fvnByIeJ1gAWhU=",
        "owner": "ray-x",
        "repo": "cmp-treesitter",
        "rev": "958fcfa0d8ce46d215e19cc3992c542f576c4123",
        "type": "github"
      },
      "original": {
        "owner": "ray-x",
        "repo": "cmp-treesitter",
        "type": "github"
      }
    },
    "cmp-vsnip": {
      "flake": false,
      "locked": {
        "lastModified": 1669100283,
        "narHash": "sha256-2mkN03noOr5vBvRbSb35xZKorSH+8savQNZtgM9+QcM=",
        "owner": "hrsh7th",
        "repo": "cmp-vsnip",
        "rev": "989a8a73c44e926199bfd05fa7a516d51f2d2752",
        "type": "github"
      },
      "original": {
        "owner": "hrsh7th",
        "repo": "cmp-vsnip",
        "type": "github"
      }
    },
    "conform": {
      "flake": false,
      "locked": {
        "lastModified": 1762317018,
        "narHash": "sha256-dJf8g5I85De4JYYCL4k7u85fatjU2BmF9pO5WbxhCQQ=",
        "owner": "stevearc",
        "repo": "conform.nvim",
        "rev": "cde4da5c1083d3527776fee69536107d98dae6c9",
        "type": "github"
      },
      "original": {
        "owner": "stevearc",
        "repo": "conform.nvim",
        "type": "github"
      }
    },
    "crates-nvim": {
      "flake": false,
      "locked": {
        "lastModified": 1755956579,
        "narHash": "sha256-jfmST/S9ymwgQ99PTCOlJkk5zaxE5HiDV16TmTISDII=",
        "owner": "Saecki",
        "repo": "crates.nvim",
        "rev": "ac9fa498a9edb96dc3056724ff69d5f40b898453",
        "type": "github"
      },
      "original": {
        "owner": "Saecki",
        "repo": "crates.nvim",
        "type": "github"
      }
    },
    "dap": {
      "flake": false,
      "locked": {
        "lastModified": 1762884949,
        "narHash": "sha256-3obJzza05osyLcl3VTzkC10lo9dHclsbAtiTqSi3/0E=",
        "owner": "mfussenegger",
        "repo": "nvim-dap",
        "rev": "b38f7d30366d9169d0a623c4c85fbcf99d8d58bb",
        "type": "github"
      },
      "original": {
        "owner": "mfussenegger",
        "repo": "nvim-dap",
        "type": "github"
      }
    },
    "dap-ui": {
      "flake": false,
      "locked": {
        "lastModified": 1752046465,
        "narHash": "sha256-391zChjd6uAJycfXy1RG2Qt0OdCY3/WF9u0MWLtFZxA=",
        "owner": "rcarriga",
        "repo": "nvim-dap-ui",
        "rev": "cf91d5e2d07c72903d052f5207511bf7ecdb7122",
        "type": "github"
      },
      "original": {
        "owner": "rcarriga",
        "repo": "nvim-dap-ui",
        "type": "github"
      }
    },
    "dap-virtual-text": {
      "flake": false,
      "locked": {
        "lastModified": 1748181918,
        "narHash": "sha256-8hsk+EwnvoHCNhb0dcL9e4hQg9I+t/5Cy9ZoZgcz4fU=",
        "owner": "theHamsta",
        "repo": "nvim-dap-virtual-text",
        "rev": "fbdb48c2ed45f4a8293d0d483f7730d24467ccb6",
        "type": "github"
      },
      "original": {
        "owner": "theHamsta",
        "repo": "nvim-dap-virtual-text",
        "type": "github"
      }
    },
    "diffview": {
      "flake": false,
      "locked": {
        "lastModified": 1718279802,
        "narHash": "sha256-SX+ybIzL/w6uyCy4iZKnWnzTFwqB1oXSgyYVAdpdKi8=",
        "owner": "sindrets",
        "repo": "diffview.nvim",
        "rev": "4516612fe98ff56ae0415a259ff6361a89419b0a",
        "type": "github"
      },
      "original": {
        "owner": "sindrets",
        "repo": "diffview.nvim",
        "type": "github"
      }
    },
    "dracula": {
      "flake": false,
      "locked": {
        "lastModified": 1762304881,
        "narHash": "sha256-h0WQdK74FHJLva3RbyA8WZfX6rAo45wKPb9z4JbYAK8=",
        "owner": "Mofiqul",
        "repo": "dracula.nvim",
        "rev": "ae752c13e95fb7c5f58da4b5123cb804ea7568ee",
        "type": "github"
      },
      "original": {
        "owner": "Mofiqul",
        "repo": "dracula.nvim",
        "type": "github"
      }
    },
    "dressing-nvim": {
      "flake": false,
      "locked": {
        "lastModified": 1739381641,
        "narHash": "sha256-dBz+/gZA6O6fJy/GSgM6ZHGAR3MTGt/W1olzzTYRlgM=",
        "owner": "stevearc",
        "repo": "dressing.nvim",
        "rev": "2d7c2db2507fa3c4956142ee607431ddb2828639",
        "type": "github"
      },
      "original": {
        "owner": "stevearc",
        "repo": "dressing.nvim",
        "type": "github"
      }
    },
    "eyeliner": {
      "flake": false,
      "locked": {
        "lastModified": 1727476631,
        "narHash": "sha256-qOMToZtBd39mdFZEr5WfIkHj+7TWeCPy2GJdIN+qOic=",
        "owner": "jinh0",
        "repo": "eyeliner.nvim",
        "rev": "8f197eb30cecdf4c2cc9988a5eecc6bc34c0c7d6",
        "type": "github"
      },
      "original": {
        "owner": "jinh0",
        "repo": "eyeliner.nvim",
        "type": "github"
      }
    },
    "fenix": {
      "inputs": {
        "nixpkgs": [
          "blink-cmp",
          "nixpkgs"
        ],
        "rust-analyzer-src": "rust-analyzer-src"
      },
      "locked": {
        "lastModified": 1761028747,
        "narHash": "sha256-UqCbRuqnsVURCB0hLZL9SwFNDNftIE1Zxj7Ykf1aRj4=",
        "owner": "nix-community",
        "repo": "fenix",
        "rev": "1dd37dd710195936f675eb0d36cf284806f99a94",
        "type": "github"
      },
      "original": {
        "owner": "nix-community",
        "repo": "fenix",
        "type": "github"
      }
    },
    "fidget-nvim": {
      "flake": false,
      "locked": {
        "lastModified": 1761243883,
        "narHash": "sha256-XXTeJweQRIsC/WFhFxFbepOETV8e5Wfmh513su2Wve0=",
        "owner": "j-hui",
        "repo": "fidget.nvim",
        "rev": "e32b672d8fd343f9d6a76944fedb8c61d7d8111a",
        "type": "github"
      },
      "original": {
        "owner": "j-hui",
        "repo": "fidget.nvim",
        "type": "github"
      }
    },
    "flake-parts": {
      "inputs": {
        "nixpkgs-lib": "nixpkgs-lib"
      },
      "locked": {
        "lastModified": 1733312601,
        "narHash": "sha256-4pDvzqnegAfRkPwO3wmwBhVi/Sye1mzps0zHWYnP88c=",
        "owner": "hercules-ci",
        "repo": "flake-parts",
        "rev": "205b12d8b7cd4802fbcb8e8ef6a0f1408781a4f9",
        "type": "github"
      },
      "original": {
        "owner": "hercules-ci",
        "repo": "flake-parts",
        "type": "github"
      }
    },
    "flake-parts_2": {
      "inputs": {
        "nixpkgs-lib": "nixpkgs-lib_2"
      },
      "locked": {
        "lastModified": 1762810396,
        "narHash": "sha256-dxFVgQPG+R72dkhXTtqUm7KpxElw3u6E+YlQ2WaDgt8=",
        "owner": "hercules-ci",
        "repo": "flake-parts",
        "rev": "0bdadb1b265fb4143a75bd1ec7d8c915898a9923",
        "type": "github"
      },
      "original": {
        "owner": "hercules-ci",
        "repo": "flake-parts",
        "type": "github"
      }
    },
    "flake-utils": {
      "inputs": {
        "systems": "systems"
      },
      "locked": {
        "lastModified": 1731533236,
        "narHash": "sha256-l0KFg5HjrsfsO/JpG+r7fRrqm12kzFHyUHqHCVpMMbI=",
        "owner": "numtide",
        "repo": "flake-utils",
        "rev": "11707dc2f618dd54ca8739b309ec4fc024de578b",
        "type": "github"
      },
      "original": {
        "owner": "numtide",
        "repo": "flake-utils",
        "type": "github"
      }
    },
    "flash-nvim": {
      "flake": false,
      "locked": {
        "lastModified": 1761664562,
        "narHash": "sha256-pHh0tJd/ynfjriu8xjnKunKVDHkoXii6ZbikdkIwovY=",
        "owner": "folke",
        "repo": "flash.nvim",
        "rev": "fcea7ff883235d9024dc41e638f164a450c14ca2",
        "type": "github"
      },
      "original": {
        "owner": "folke",
        "repo": "flash.nvim",
        "type": "github"
      }
    },
    "friendly-snippets": {
      "flake": false,
      "locked": {
        "lastModified": 1745949052,
        "narHash": "sha256-FzApcTbWfFkBD9WsYMhaCyn6ky8UmpUC2io/co/eByM=",
        "owner": "rafamadriz",
        "repo": "friendly-snippets",
        "rev": "572f5660cf05f8cd8834e096d7b4c921ba18e175",
        "type": "github"
      },
      "original": {
        "owner": "rafamadriz",
        "repo": "friendly-snippets",
        "type": "github"
      }
    },
    "git-worktrees": {
      "flake": false,
      "locked": {
        "lastModified": 1699392961,
        "narHash": "sha256-+RBoa1NS/W6XMhaIg3/Qw38VnL2imTQZ6bR88bZzV1c=",
        "owner": "ThePrimeagen",
        "repo": "git-worktree.nvim",
        "rev": "f247308e68dab9f1133759b05d944569ad054546",
        "type": "github"
      },
      "original": {
        "owner": "ThePrimeagen",
        "repo": "git-worktree.nvim",
        "type": "github"
      }
    },
    "gitsigns-nvim": {
      "flake": false,
      "locked": {
        "lastModified": 1760888451,
        "narHash": "sha256-eGpB7YYWbyCCGYXEYAM432srSp/lUo5C1b0J3OYjwnY=",
        "owner": "lewis6991",
        "repo": "gitsigns.nvim",
        "rev": "20ad4419564d6e22b189f6738116b38871082332",
        "type": "github"
      },
      "original": {
        "owner": "lewis6991",
        "repo": "gitsigns.nvim",
        "type": "github"
      }
    },
    "harpoon": {
      "flake": false,
      "locked": {
        "lastModified": 1761924951,
        "narHash": "sha256-qQSPVMdldksNZDPZvnTiXxty+GSUqMGz8nYEFDRezrQ=",
        "owner": "ThePrimeagen",
        "repo": "harpoon",
        "rev": "87b1a3506211538f460786c23f98ec63ad9af4e5",
        "type": "github"
      },
      "original": {
        "owner": "ThePrimeagen",
        "ref": "harpoon2",
        "repo": "harpoon",
        "type": "github"
      }
    },
    "indent-blankline": {
      "flake": false,
      "locked": {
        "lastModified": 1742224677,
        "narHash": "sha256-0q/V+b4UrDRnaC/eRWOi9HU9a61vQSAM9/C8ZQyKt+Y=",
        "owner": "lukas-reineke",
        "repo": "indent-blankline.nvim",
        "rev": "005b56001b2cb30bfa61b7986bc50657816ba4ba",
        "type": "github"
      },
      "original": {
        "owner": "lukas-reineke",
        "repo": "indent-blankline.nvim",
        "type": "github"
      }
    },
    "lsp-signature": {
      "flake": false,
      "locked": {
        "lastModified": 1762468550,
        "narHash": "sha256-bDhYGRhOVQ18983Zbhe3iWSO7emo6mEV3glHh6XF6o8=",
        "owner": "ray-x",
        "repo": "lsp_signature.nvim",
        "rev": "1e56259e00c70959a1b3fba908b8583722fb96bf",
        "type": "github"
      },
      "original": {
        "owner": "ray-x",
        "repo": "lsp_signature.nvim",
        "type": "github"
      }
    },
    "lspkind": {
      "flake": false,
      "locked": {
        "lastModified": 1758179657,
        "narHash": "sha256-TVKYttrJrEgKfQaEsVGDQH/1i5vr0B3sJIJ4wtQWzns=",
        "owner": "onsails",
        "repo": "lspkind-nvim",
        "rev": "3ddd1b4edefa425fda5a9f95a4f25578727c0bb3",
        "type": "github"
      },
      "original": {
        "owner": "onsails",
        "repo": "lspkind-nvim",
        "type": "github"
      }
    },
    "lualine": {
      "flake": false,
      "locked": {
        "lastModified": 1760596863,
        "narHash": "sha256-hdrAdG3hC2sAevQ6a9xizqPgEgnNKxuc5rBYn0pKM1c=",
        "owner": "hoob3rt",
        "repo": "lualine.nvim",
        "rev": "3946f0122255bc377d14a59b27b609fb3ab25768",
        "type": "github"
      },
      "original": {
        "owner": "hoob3rt",
        "repo": "lualine.nvim",
        "type": "github"
      }
    },
    "lush": {
      "flake": false,
      "locked": {
        "lastModified": 1756702201,
        "narHash": "sha256-ZDC2oirfDe/GqNx6+hivvNqdLutAxlBnSk51lf1yKqM=",
        "owner": "rktjmp",
        "repo": "lush.nvim",
        "rev": "9c60ec2279d62487d942ce095e49006af28eed6e",
        "type": "github"
      },
      "original": {
        "owner": "rktjmp",
        "repo": "lush.nvim",
        "type": "github"
      }
    },
    "mini-icons": {
      "flake": false,
      "locked": {
        "lastModified": 1762188607,
        "narHash": "sha256-yns7HZFklgkiXoQJheDRAAtmoKTW9g+hpT/gf5DzwAw=",
        "owner": "echasnovski",
        "repo": "mini.icons",
        "rev": "ff2e4f1d29f659cc2bad0f9256f2f6195c6b2428",
        "type": "github"
      },
      "original": {
        "owner": "echasnovski",
        "repo": "mini.icons",
        "type": "github"
      }
    },
    "mini-nvim": {
      "flake": false,
      "locked": {
        "lastModified": 1762892472,
        "narHash": "sha256-gH69stMKuOybCvJOmAdLbuT4B928CUyT+z673sNzN5o=",
        "owner": "echasnovski",
        "repo": "mini.nvim",
        "rev": "f43357be022565d969795cde29b8988d082cc913",
        "type": "github"
      },
      "original": {
        "owner": "echasnovski",
        "repo": "mini.nvim",
        "type": "github"
      }
    },
    "modes-nvim": {
      "flake": false,
      "locked": {
        "lastModified": 1757774776,
        "narHash": "sha256-SXx1S/yBDTddb/oncHmfvpdO2oUNbgUjBItnudDAIE8=",
        "owner": "mvllow",
        "repo": "modes.nvim",
        "rev": "0932ba4e0bdc3457ac89a8aeed4d56ca0b36977a",
        "type": "github"
      },
      "original": {
        "owner": "mvllow",
        "repo": "modes.nvim",
        "type": "github"
      }
    },
    "naersk": {
      "inputs": {
        "nixpkgs": [
          "rnix-lsp",
          "nixpkgs"
        ]
      },
      "locked": {
        "lastModified": 1655042882,
        "narHash": "sha256-9BX8Fuez5YJlN7cdPO63InoyBy7dm3VlJkkmTt6fS1A=",
        "owner": "nix-community",
        "repo": "naersk",
        "rev": "cddffb5aa211f50c4b8750adbec0bbbdfb26bb9f",
        "type": "github"
      },
      "original": {
        "owner": "nix-community",
        "repo": "naersk",
        "type": "github"
      }
    },
    "neogit": {
      "flake": false,
      "locked": {
        "lastModified": 1762943173,
        "narHash": "sha256-w1l17TIQIBjMPDlPvMHQCMjanY88r1TFWISVIkHnwN8=",
        "owner": "NeogitOrg",
        "repo": "neogit",
        "rev": "614a63489be5734b14f314c3449535566b8352d4",
        "type": "github"
      },
      "original": {
        "owner": "NeogitOrg",
        "repo": "neogit",
        "type": "github"
      }
    },
    "neotree": {
      "flake": false,
      "locked": {
        "lastModified": 1762285286,
        "narHash": "sha256-6TABXl4Ag/W1Tc3vH2FurIPTkMrs7MfrWJgcIKk+LPo=",
        "owner": "nvim-neo-tree",
        "repo": "neo-tree.nvim",
        "rev": "f3df514fff2bdd4318127c40470984137f87b62e",
        "type": "github"
      },
      "original": {
        "owner": "nvim-neo-tree",
        "repo": "neo-tree.nvim",
        "type": "github"
      }
    },
    "nil": {
      "inputs": {
        "nixpkgs": [
          "nixpkgs"
        ]
      },
      "locked": {
        "lastModified": 1757219451,
        "narHash": "sha256-ImGN436GYd50HjoKTeRK+kWYIU/7PkDv15UmoUCPDUk=",
        "owner": "oxalica",
        "repo": "nil",
        "rev": "01e573c9e31ba3be7eaa848ba7dfcbd04260163e",
        "type": "github"
      },
      "original": {
        "owner": "oxalica",
        "repo": "nil",
        "type": "github"
      }
    },
    "nixpkgs": {
      "locked": {
        "lastModified": 1736166416,
        "narHash": "sha256-U47xeACNBpkSO6IcCm0XvahsVXpJXzjPIQG7TZlOToU=",
        "owner": "nixos",
        "repo": "nixpkgs",
        "rev": "b30f97d8c32d804d2d832ee837d0f1ca0695faa5",
        "type": "github"
      },
      "original": {
        "owner": "nixos",
        "ref": "nixpkgs-unstable",
        "repo": "nixpkgs",
        "type": "github"
      }
    },
    "nixpkgs-lib": {
      "locked": {
        "lastModified": 1733096140,
        "narHash": "sha256-1qRH7uAUsyQI7R1Uwl4T+XvdNv778H0Nb5njNrqvylY=",
        "type": "tarball",
        "url": "https://github.com/NixOS/nixpkgs/archive/5487e69da40cbd611ab2cadee0b4637225f7cfae.tar.gz"
      },
      "original": {
        "type": "tarball",
        "url": "https://github.com/NixOS/nixpkgs/archive/5487e69da40cbd611ab2cadee0b4637225f7cfae.tar.gz"
      }
    },
    "nixpkgs-lib_2": {
      "locked": {
        "lastModified": 1761765539,
        "narHash": "sha256-b0yj6kfvO8ApcSE+QmA6mUfu8IYG6/uU28OFn4PaC8M=",
        "owner": "nix-community",
        "repo": "nixpkgs.lib",
        "rev": "719359f4562934ae99f5443f20aa06c2ffff91fc",
        "type": "github"
      },
      "original": {
        "owner": "nix-community",
        "repo": "nixpkgs.lib",
        "type": "github"
      }
    },
    "nixpkgs_2": {
      "locked": {
        "lastModified": 1752567604,
        "narHash": "sha256-YbmkFuRBNdMq1x/IwGa4Kvq3IU2WvmEoDxXi5bcW14Y=",
        "owner": "glottologist",
        "repo": "nixpkgs",
        "rev": "faa58b0701ca35b1e3508109a5c77eb6037262b8",
        "type": "github"
      },
      "original": {
        "owner": "glottologist",
        "ref": "release-25.05",
        "repo": "nixpkgs",
        "type": "github"
      }
    },
    "nixpkgs_3": {
      "locked": {
        "lastModified": 1656753965,
        "narHash": "sha256-BCrB3l0qpJokOnIVc3g2lHiGhnjUi0MoXiw6t1o8H1E=",
        "owner": "nixos",
        "repo": "nixpkgs",
        "rev": "0ea7a8f1b939d74e5df8af9a8f7342097cdf69eb",
        "type": "github"
      },
      "original": {
        "owner": "nixos",
        "ref": "nixos-unstable",
        "repo": "nixpkgs",
        "type": "github"
      }
    },
    "noice-nvim": {
      "flake": false,
      "locked": {
        "lastModified": 1762187624,
        "narHash": "sha256-FKzhFVmPxshDV4mWpD3LofjRpd6pXesf9QQei1s5rAo=",
        "owner": "folke",
        "repo": "noice.nvim",
        "rev": "7bfd942445fb63089b59f97ca487d605e715f155",
        "type": "github"
      },
      "original": {
        "owner": "folke",
        "repo": "noice.nvim",
        "type": "github"
      }
    },
    "nui-nvim": {
      "flake": false,
      "locked": {
        "lastModified": 1749392788,
        "narHash": "sha256-41slmnvt1z7sCxvpiVuFmQ9g7eCaxQi1dDCL3AxSL1A=",
        "owner": "MunifTanjim",
        "repo": "nui.nvim",
        "rev": "de740991c12411b663994b2860f1a4fd0937c130",
        "type": "github"
      },
      "original": {
        "owner": "MunifTanjim",
        "repo": "nui.nvim",
        "type": "github"
      }
    },
    "null-ls": {
      "flake": false,
      "locked": {
        "lastModified": 1691810493,
        "narHash": "sha256-cWA0rzkOp/ekVKaFee7iea1lhnqKtWUIU+fW5M950wI=",
        "owner": "jose-elias-alvarez",
        "repo": "null-ls.nvim",
        "rev": "0010ea927ab7c09ef0ce9bf28c2b573fc302f5a7",
        "type": "github"
      },
      "original": {
        "owner": "jose-elias-alvarez",
        "repo": "null-ls.nvim",
        "type": "github"
      }
    },
    "nvim-cmp": {
      "flake": false,
      "locked": {
        "lastModified": 1762254225,
        "narHash": "sha256-Pnfa1u+hoVIKo7Jvv3VF/p6m0ALXywwUNEb2FI7TeEc=",
        "owner": "hrsh7th",
        "repo": "nvim-cmp",
        "rev": "106c4bcc053a5da783bf4a9d907b6f22485c2ea0",
        "type": "github"
      },
      "original": {
        "owner": "hrsh7th",
        "repo": "nvim-cmp",
        "type": "github"
      }
    },
    "nvim-lightbulb": {
      "flake": false,
      "locked": {
        "lastModified": 1743258814,
        "narHash": "sha256-1XNhioGMqQV5sI7N6YrtCA6Y9zRiPEi7ikgseL1x6HI=",
        "owner": "kosayoda",
        "repo": "nvim-lightbulb",
        "rev": "aa3a8b0f4305b25cfe368f6c9be9923a7c9d0805",
        "type": "github"
      },
      "original": {
        "owner": "kosayoda",
        "repo": "nvim-lightbulb",
        "type": "github"
      }
    },
    "nvim-lint": {
      "flake": false,
      "locked": {
        "lastModified": 1762442588,
        "narHash": "sha256-TRiTTCfOoFXQvEw6Dyjx70Y2svpP7ln0LbYLOHw2Lzw=",
        "owner": "mfussenegger",
        "repo": "nvim-lint",
        "rev": "8b349e822a36e9480aed96c6dd2f757f80524a35",
        "type": "github"
      },
      "original": {
        "owner": "mfussenegger",
        "repo": "nvim-lint",
        "type": "github"
      }
    },
    "nvim-lspconfig": {
      "flake": false,
      "locked": {
        "lastModified": 1762922136,
        "narHash": "sha256-EYe0kog6tmI4LPIwd9WgJgLgen/eZ8ITs88k0B1eEP0=",
        "owner": "neovim",
        "repo": "nvim-lspconfig",
        "rev": "c8503e63c6afab3ed34b49865a4a4edbb1ebf4a8",
        "type": "github"
      },
      "original": {
        "owner": "neovim",
        "repo": "nvim-lspconfig",
        "type": "github"
      }
    },
    "nvim-nio": {
      "flake": false,
      "locked": {
        "lastModified": 1737405073,
        "narHash": "sha256-eDbzJAGdUBhTwuD0Nt9FihZj1MmVdQfn/GKIybuu5a8=",
        "owner": "nvim-neotest",
        "repo": "nvim-nio",
        "rev": "21f5324bfac14e22ba26553caf69ec76ae8a7662",
        "type": "github"
      },
      "original": {
        "owner": "nvim-neotest",
        "repo": "nvim-nio",
        "type": "github"
      }
    },
    "nvim-notify": {
      "flake": false,
      "locked": {
        "lastModified": 1757190131,
        "narHash": "sha256-h7STMjY+CBTqBkIDJXgtJz4WhNeQ02ES2Jesi3jZXeM=",
        "owner": "rcarriga",
        "repo": "nvim-notify",
        "rev": "8701bece920b38ea289b457f902e2ad184131a5d",
        "type": "github"
      },
      "original": {
        "owner": "rcarriga",
        "repo": "nvim-notify",
        "type": "github"
      }
    },
    "nvim-spectre": {
      "flake": false,
      "locked": {
        "lastModified": 1747104704,
        "narHash": "sha256-WPEizIClDmseDEhomCasLx/zfAMT7lq7ZBnfc/a8CuA=",
        "owner": "nvim-pack",
        "repo": "nvim-spectre",
        "rev": "72f56f7585903cd7bf92c665351aa585e150af0f",
        "type": "github"
      },
      "original": {
        "owner": "nvim-pack",
        "repo": "nvim-spectre",
        "type": "github"
      }
    },
    "nvim-spider": {
      "flake": false,
      "locked": {
        "lastModified": 1762822398,
        "narHash": "sha256-Fhkec1ninr3iwbTcY7uedgtHHJolE+0TXRHjh7dzAQE=",
        "owner": "chrisgrieser",
        "repo": "nvim-spider",
        "rev": "1260cfe73faeda74d6fea78ff41f0b66cb777e06",
        "type": "github"
      },
      "original": {
        "owner": "chrisgrieser",
        "repo": "nvim-spider",
        "type": "github"
      }
    },
    "nvim-treesitter": {
      "flake": false,
      "locked": {
        "lastModified": 1748094813,
        "narHash": "sha256-CVs9FTdg3oKtRjz2YqwkMr0W5qYLGfVyxyhE3qnGYbI=",
        "owner": "nvim-treesitter",
        "repo": "nvim-treesitter",
        "rev": "42fc28ba918343ebfd5565147a42a26580579482",
        "type": "github"
      },
      "original": {
        "owner": "nvim-treesitter",
        "repo": "nvim-treesitter",
        "type": "github"
      }
    },
    "nvim-treesitter-context": {
      "flake": false,
      "locked": {
        "lastModified": 1762769683,
        "narHash": "sha256-ICwAUXKngSPsJ6VV+84KUPqtAwlGPrm4FIf9ioisiz8=",
        "owner": "nvim-treesitter",
        "repo": "nvim-treesitter-context",
        "rev": "660861b1849256398f70450afdf93908d28dc945",
        "type": "github"
      },
      "original": {
        "owner": "nvim-treesitter",
        "repo": "nvim-treesitter-context",
        "type": "github"
      }
    },
    "nvim-ufo": {
      "flake": false,
      "locked": {
        "lastModified": 1759727564,
        "narHash": "sha256-VMa09rdDpaiRgD5ORDBjOtqcHTV+czfUY3hCmP9y3e4=",
        "owner": "kevinhwang91",
        "repo": "nvim-ufo",
        "rev": "72d54c31079d38d8dfc5456131b1d0fb5c0264b0",
        "type": "github"
      },
      "original": {
        "owner": "kevinhwang91",
        "repo": "nvim-ufo",
        "type": "github"
      }
    },
    "nvim-web-devicons": {
      "flake": false,
      "locked": {
        "lastModified": 1761440007,
        "narHash": "sha256-klBjUtj0AvarN5a6O8Hh2t5BuOTe/m3ps2cHnlxVJvE=",
        "owner": "nvim-tree",
        "repo": "nvim-web-devicons",
        "rev": "8dcb311b0c92d460fac00eac706abd43d94d68af",
        "type": "github"
      },
      "original": {
        "owner": "nvim-tree",
        "repo": "nvim-web-devicons",
        "type": "github"
      }
    },
    "nvimtree": {
      "flake": false,
      "locked": {
        "lastModified": 1762812542,
        "narHash": "sha256-tCIi3C025gooix20RBCGKBtnuGFrZezQGbwv+tz37Wc=",
        "owner": "nvim-tree",
        "repo": "nvim-tree.lua",
        "rev": "1eda2569394f866360e61f590f1796877388cb8a",
        "type": "github"
      },
      "original": {
        "owner": "nvim-tree",
        "repo": "nvim-tree.lua",
        "type": "github"
      }
    },
    "oil": {
      "flake": false,
      "locked": {
        "lastModified": 1760913566,
        "narHash": "sha256-ebRao8UU8UI1S6Lumkd5vUiYYSj9UAazcEzThKyl8Uk=",
        "owner": "stevearc",
        "repo": "oil.nvim",
        "rev": "7e1cd7703ff2924d7038476dcbc04b950203b902",
        "type": "github"
      },
      "original": {
        "owner": "stevearc",
        "repo": "oil.nvim",
        "type": "github"
      }
    },
    "onedark": {
      "flake": false,
      "locked": {
        "lastModified": 1762887901,
        "narHash": "sha256-egkOvCbyFh693o+F/ATZaZeL7v8Xs2uXqRkvyje2ZpI=",
        "owner": "navarasu",
        "repo": "onedark.nvim",
        "rev": "6c10964f91321c6a0f09bcc41dd64e7a6602bc4f",
        "type": "github"
      },
      "original": {
        "owner": "navarasu",
        "repo": "onedark.nvim",
        "type": "github"
      }
    },
    "papercolor": {
      "flake": false,
      "locked": {
        "lastModified": 1451442659,
        "narHash": "sha256-7c5B/TJvz0FV0v61hTHeoHJFpCMUeuYN5rcMKVnSKMw=",
        "owner": "vim-scripts",
        "repo": "PaperColor.vim",
        "rev": "93c4698d89a947da17b051a8ce7f2d0cad1ec98e",
        "type": "github"
      },
      "original": {
        "owner": "vim-scripts",
        "repo": "PaperColor.vim",
        "type": "github"
      }
    },
    "plenary-nvim": {
      "flake": false,
      "locked": {
        "lastModified": 1753570668,
        "narHash": "sha256-9Un7ekhBxcnmFE1xjCCFTZ7eqIbmXvQexpnhduAg4M0=",
        "owner": "nvim-lua",
        "repo": "plenary.nvim",
        "rev": "b9fd5226c2f76c951fc8ed5923d85e4de065e509",
        "type": "github"
      },
      "original": {
        "owner": "nvim-lua",
        "repo": "plenary.nvim",
        "type": "github"
      }
    },
    "promise-async": {
      "flake": false,
      "locked": {
        "lastModified": 1722813441,
        "narHash": "sha256-9eM66brPjiFlY64vmBetRYrKnpDyN7+/URMm4GsGimA=",
        "owner": "kevinhwang91",
        "repo": "promise-async",
        "rev": "119e8961014c9bfaf1487bf3c2a393d254f337e2",
        "type": "github"
      },
      "original": {
        "owner": "kevinhwang91",
        "repo": "promise-async",
        "type": "github"
      }
    },
    "rnix-lsp": {
      "inputs": {
        "naersk": "naersk",
        "nixpkgs": "nixpkgs_3",
        "utils": "utils"
      },
      "locked": {
        "lastModified": 1669555118,
        "narHash": "sha256-F0s0m62S5bHNVWNHLZD6SeHiLrsDx98VQbRjDyIu+qQ=",
        "owner": "nix-community",
        "repo": "rnix-lsp",
        "rev": "95d40673fe43642e2e1144341e86d0036abd95d9",
        "type": "github"
      },
      "original": {
        "owner": "nix-community",
        "repo": "rnix-lsp",
        "type": "github"
      }
    },
    "root": {
      "inputs": {
        "actions-preview": "actions-preview",
        "blink-cmp": "blink-cmp",
        "blink-compat": "blink-compat",
        "bufdelete-nvim": "bufdelete-nvim",
        "bufferline-nvim": "bufferline-nvim",
        "catppuccin": "catppuccin",
        "ccc-nvim": "ccc-nvim",
        "cheatsheet-nvim": "cheatsheet-nvim",
        "cinnamon-nvim": "cinnamon-nvim",
        "cmp-buffer": "cmp-buffer",
        "cmp-nvim-lsp": "cmp-nvim-lsp",
        "cmp-path": "cmp-path",
        "cmp-treesitter": "cmp-treesitter",
        "cmp-vsnip": "cmp-vsnip",
        "conform": "conform",
        "crates-nvim": "crates-nvim",
        "dap": "dap",
        "dap-ui": "dap-ui",
        "dap-virtual-text": "dap-virtual-text",
        "diffview": "diffview",
        "dracula": "dracula",
        "dressing-nvim": "dressing-nvim",
        "eyeliner": "eyeliner",
        "fidget-nvim": "fidget-nvim",
        "flake-parts": "flake-parts_2",
        "flake-utils": "flake-utils",
        "flash-nvim": "flash-nvim",
        "friendly-snippets": "friendly-snippets",
        "git-worktrees": "git-worktrees",
        "gitsigns-nvim": "gitsigns-nvim",
        "harpoon": "harpoon",
        "indent-blankline": "indent-blankline",
        "lsp-signature": "lsp-signature",
        "lspkind": "lspkind",
        "lualine": "lualine",
        "lush": "lush",
        "mini-icons": "mini-icons",
        "mini-nvim": "mini-nvim",
        "modes-nvim": "modes-nvim",
        "neogit": "neogit",
        "neotree": "neotree",
        "nil": "nil",
        "nixpkgs": "nixpkgs_2",
        "noice-nvim": "noice-nvim",
        "nui-nvim": "nui-nvim",
        "null-ls": "null-ls",
        "nvim-cmp": "nvim-cmp",
        "nvim-lightbulb": "nvim-lightbulb",
        "nvim-lint": "nvim-lint",
        "nvim-lspconfig": "nvim-lspconfig",
        "nvim-nio": "nvim-nio",
        "nvim-notify": "nvim-notify",
        "nvim-spectre": "nvim-spectre",
        "nvim-spider": "nvim-spider",
        "nvim-treesitter": "nvim-treesitter",
        "nvim-treesitter-context": "nvim-treesitter-context",
        "nvim-ufo": "nvim-ufo",
        "nvim-web-devicons": "nvim-web-devicons",
        "nvimtree": "nvimtree",
        "oil": "oil",
        "onedark": "onedark",
        "papercolor": "papercolor",
        "plenary-nvim": "plenary-nvim",
        "promise-async": "promise-async",
        "rnix-lsp": "rnix-lsp",
        "rust-tools": "rust-tools",
        "search": "search",
        "telescope": "telescope",
        "telescope-fzf-native": "telescope-fzf-native",
        "telescope-manix": "telescope-manix",
        "telescope-media-files": "telescope-media-files",
        "tide": "tide",
        "tokyonight": "tokyonight",
        "trouble": "trouble",
        "twilight": "twilight",
        "vim-vsnip": "vim-vsnip",
        "which-key": "which-key",
        "windsurf-nvim": "windsurf-nvim",
        "zenbones": "zenbones",
        "zenmode": "zenmode"
      }
    },
    "rust-analyzer-src": {
      "flake": false,
      "locked": {
        "lastModified": 1760976639,
        "narHash": "sha256-v+teOfOLbR9UFLuaMfbsd/L5ckJBcQJyeFj23V3lz8g=",
        "owner": "rust-lang",
        "repo": "rust-analyzer",
        "rev": "4a305f565ab964caf22dc72980a44b2970a9c2f1",
        "type": "github"
      },
      "original": {
        "owner": "rust-lang",
        "ref": "nightly",
        "repo": "rust-analyzer",
        "type": "github"
      }
    },
    "rust-tools": {
      "flake": false,
      "locked": {
        "lastModified": 1704259376,
        "narHash": "sha256-kFane5ze7VDiOzF7jdmXkr50XQsNvdb+a9HQtybEVE0=",
        "owner": "simrat39",
        "repo": "rust-tools.nvim",
        "rev": "676187908a1ce35ffcd727c654ed68d851299d3e",
        "type": "github"
      },
      "original": {
        "owner": "simrat39",
        "repo": "rust-tools.nvim",
        "type": "github"
      }
    },
    "search": {
      "flake": false,
      "locked": {
        "lastModified": 1716295855,
        "narHash": "sha256-88rMEtHTk5jEQ00YleSr8x32Q3m0VFZdxSE2vQ+f0rM=",
        "owner": "FabianWirth",
        "repo": "search.nvim",
        "rev": "7b8f2315d031be73e14bc2d82386dfac15952614",
        "type": "github"
      },
      "original": {
        "owner": "FabianWirth",
        "repo": "search.nvim",
        "type": "github"
      }
    },
    "systems": {
      "locked": {
        "lastModified": 1681028828,
        "narHash": "sha256-Vy1rq5AaRuLzOxct8nz4T6wlgyUR7zLU309k9mBC768=",
        "owner": "nix-systems",
        "repo": "default",
        "rev": "da67096a3b9bf56a91d16901293e51ba5b49a27e",
        "type": "github"
      },
      "original": {
        "owner": "nix-systems",
        "repo": "default",
        "type": "github"
      }
    },
    "telescope": {
      "flake": false,
      "locked": {
        "lastModified": 1762931078,
        "narHash": "sha256-7DHFXZxUtPUQkpy2zjC2lwhj7isBCyEwh9LbtqAjSFs=",
        "owner": "nvim-telescope",
        "repo": "telescope.nvim",
        "rev": "3a12a853ebf21ec1cce9a92290e3013f8ae75f02",
        "type": "github"
      },
      "original": {
        "owner": "nvim-telescope",
        "repo": "telescope.nvim",
        "type": "github"
      }
    },
    "telescope-fzf-native": {
      "flake": false,
      "locked": {
        "lastModified": 1762521376,
        "narHash": "sha256-ChEM4jJonAE4qXd/dgTu2mdlpNBj5rEdpA8TgR38oRM=",
        "owner": "nvim-telescope",
        "repo": "telescope-fzf-native.nvim",
        "rev": "6fea601bd2b694c6f2ae08a6c6fab14930c60e2c",
        "type": "github"
      },
      "original": {
        "owner": "nvim-telescope",
        "repo": "telescope-fzf-native.nvim",
        "type": "github"
      }
    },
    "telescope-manix": {
      "flake": false,
      "locked": {
        "lastModified": 1762043021,
        "narHash": "sha256-1oiN0Vt6B9VLho22rvU0wYlNsyAZ9i4ukMyf11i8ChY=",
        "owner": "mrcjkb",
        "repo": "telescope-manix",
        "rev": "83e7799e75c5bec7fd0f173ed9269c955de8ec9d",
        "type": "github"
      },
      "original": {
        "owner": "mrcjkb",
        "repo": "telescope-manix",
        "type": "github"
      }
    },
    "telescope-media-files": {
      "flake": false,
      "locked": {
        "lastModified": 1676798033,
        "narHash": "sha256-+mIQVIoreE+goSBtMucgiEPldI01JDRdCKWH/6mzey8=",
        "owner": "nvim-telescope",
        "repo": "telescope-media-files.nvim",
        "rev": "0826c7a730bc4d36068f7c85cf4c5b3fd9fb570a",
        "type": "github"
      },
      "original": {
        "owner": "nvim-telescope",
        "repo": "telescope-media-files.nvim",
        "type": "github"
      }
    },
    "tide": {
      "flake": false,
      "locked": {
        "lastModified": 1731237293,
        "narHash": "sha256-eHB1XHDh/fTCOZkA0twufFZdpR/pYqug/QKLD/+SPPs=",
        "owner": "jackMort",
        "repo": "tide.nvim",
        "rev": "d76fe37dd8ad4f952bdac7afc573d9838fc2124d",
        "type": "github"
      },
      "original": {
        "owner": "jackMort",
        "repo": "tide.nvim",
        "type": "github"
      }
    },
    "tokyonight": {
      "flake": false,
      "locked": {
        "lastModified": 1762332530,
        "narHash": "sha256-4zfkv3egdWJ/GCWUehV0MAIXxsrGT82Wd1Qqj1SCGOk=",
        "owner": "folke",
        "repo": "tokyonight.nvim",
        "rev": "5da1b76e64daf4c5d410f06bcb6b9cb640da7dfd",
        "type": "github"
      },
      "original": {
        "owner": "folke",
        "repo": "tokyonight.nvim",
        "type": "github"
      }
    },
    "trouble": {
      "flake": false,
      "locked": {
        "lastModified": 1761919011,
        "narHash": "sha256-6U/KWjvRMxWIxcsI2xNU/ltfgkaFG4E3BdzC7brK/DI=",
        "owner": "folke",
        "repo": "trouble.nvim",
        "rev": "bd67efe408d4816e25e8491cc5ad4088e708a69a",
        "type": "github"
      },
      "original": {
        "owner": "folke",
        "repo": "trouble.nvim",
        "type": "github"
      }
    },
    "twilight": {
      "flake": false,
      "locked": {
        "lastModified": 1761660764,
        "narHash": "sha256-V6DFwvShvX6mYMRJajwOaxbHMNuCHCZzVrfT73iMuQo=",
        "owner": "folke",
        "repo": "twilight.nvim",
        "rev": "664e752f4a219801265cc3fc18782b457b58c1e1",
        "type": "github"
      },
      "original": {
        "owner": "folke",
        "repo": "twilight.nvim",
        "type": "github"
      }
    },
    "utils": {
      "locked": {
        "lastModified": 1656928814,
        "narHash": "sha256-RIFfgBuKz6Hp89yRr7+NR5tzIAbn52h8vT6vXkYjZoM=",
        "owner": "numtide",
        "repo": "flake-utils",
        "rev": "7e2a3b3dfd9af950a856d66b0a7d01e3c18aa249",
        "type": "github"
      },
      "original": {
        "owner": "numtide",
        "repo": "flake-utils",
        "type": "github"
      }
    },
    "vim-vsnip": {
      "flake": false,
      "locked": {
        "lastModified": 1759671910,
        "narHash": "sha256-hLKtAYNenLgcVPfs0iLEzOOz1OL0oQ3WPJm1VStx9QM=",
        "owner": "hrsh7th",
        "repo": "vim-vsnip",
        "rev": "9bcfabea653abdcdac584283b5097c3f8760abaa",
        "type": "github"
      },
      "original": {
        "owner": "hrsh7th",
        "repo": "vim-vsnip",
        "type": "github"
      }
    },
    "which-key": {
      "flake": false,
      "locked": {
        "lastModified": 1761664528,
        "narHash": "sha256-rKaYnXM4gRkkF/+xIFm2oCZwtAU6CeTdRWU93N+Jmbc=",
        "owner": "folke",
        "repo": "which-key.nvim",
        "rev": "3aab2147e74890957785941f0c1ad87d0a44c15a",
        "type": "github"
      },
      "original": {
        "owner": "folke",
        "repo": "which-key.nvim",
        "type": "github"
      }
    },
    "windsurf-nvim": {
      "flake": false,
      "locked": {
        "lastModified": 1753836120,
        "narHash": "sha256-H+i0cJ9+ZBWMCUTaxZsPjkKtaRKV1gLnHc4vONaC7a4=",
        "owner": "Exafunction",
        "repo": "windsurf.vim",
        "rev": "a8d47ec54fe82df920b2545559f767003e8a7f8d",
        "type": "github"
      },
      "original": {
        "owner": "Exafunction",
        "repo": "windsurf.vim",
        "type": "github"
      }
    },
    "zenbones": {
      "flake": false,
      "locked": {
        "lastModified": 1756991108,
        "narHash": "sha256-kq00BpSjdw/SHcn+fBNqAUq1jZMMuvS1Okhgchr5FW4=",
        "owner": "mcchrish",
        "repo": "zenbones.nvim",
        "rev": "a934bc07d2ed4a98b74526c172d7f043736d8935",
        "type": "github"
      },
      "original": {
        "owner": "mcchrish",
        "repo": "zenbones.nvim",
        "type": "github"
      }
    },
    "zenmode": {
      "flake": false,
      "locked": {
        "lastModified": 1761664423,
        "narHash": "sha256-vRJynz3bnkhfHKya+iEgm4PIEwT2P9kvkskgTt5UUU4=",
        "owner": "folke",
        "repo": "zen-mode.nvim",
        "rev": "8564ce6d29ec7554eb9df578efa882d33b3c23a7",
        "type": "github"
      },
      "original": {
        "owner": "folke",
        "repo": "zen-mode.nvim",
        "type": "github"
      }
    }
  },
  "root": "root",
  "version": 7
}
